// !$*UTF8*$!
{
	archiveVersion = 1;
	classes = {
	};
	objectVersion = 46;
	objects = {

/* Begin PBXBuildFile section */
		189ECCA719D8F2CF002050A6 /* Foundation.framework in Frameworks */ = {isa = PBXBuildFile; fileRef = 189ECCA619D8F2CF002050A6 /* Foundation.framework */; };
		189ECCA919D8F2CF002050A6 /* CoreGraphics.framework in Frameworks */ = {isa = PBXBuildFile; fileRef = 189ECCA819D8F2CF002050A6 /* CoreGraphics.framework */; };
		189ECCAB19D8F2CF002050A6 /* UIKit.framework in Frameworks */ = {isa = PBXBuildFile; fileRef = 189ECCAA19D8F2CF002050A6 /* UIKit.framework */; };
		189ECCB119D8F2CF002050A6 /* InfoPlist.strings in Resources */ = {isa = PBXBuildFile; fileRef = 189ECCAF19D8F2CF002050A6 /* InfoPlist.strings */; };
		189ECCB319D8F2CF002050A6 /* main.m in Sources */ = {isa = PBXBuildFile; fileRef = 189ECCB219D8F2CF002050A6 /* main.m */; };
		189ECCB719D8F2CF002050A6 /* AppDelegate.m in Sources */ = {isa = PBXBuildFile; fileRef = 189ECCB619D8F2CF002050A6 /* AppDelegate.m */; };
		189ECCBA19D8F2CF002050A6 /* Main.storyboard in Resources */ = {isa = PBXBuildFile; fileRef = 189ECCB819D8F2CF002050A6 /* Main.storyboard */; };
		189ECCBD19D8F2CF002050A6 /* ViewController.m in Sources */ = {isa = PBXBuildFile; fileRef = 189ECCBC19D8F2CF002050A6 /* ViewController.m */; };
		189ECCBF19D8F2CF002050A6 /* Images.xcassets in Resources */ = {isa = PBXBuildFile; fileRef = 189ECCBE19D8F2CF002050A6 /* Images.xcassets */; };
		189ECCC619D8F2CF002050A6 /* XCTest.framework in Frameworks */ = {isa = PBXBuildFile; fileRef = 189ECCC519D8F2CF002050A6 /* XCTest.framework */; };
		189ECCC719D8F2CF002050A6 /* Foundation.framework in Frameworks */ = {isa = PBXBuildFile; fileRef = 189ECCA619D8F2CF002050A6 /* Foundation.framework */; };
		189ECCC819D8F2CF002050A6 /* UIKit.framework in Frameworks */ = {isa = PBXBuildFile; fileRef = 189ECCAA19D8F2CF002050A6 /* UIKit.framework */; };
		189ECCD019D8F2CF002050A6 /* InfoPlist.strings in Resources */ = {isa = PBXBuildFile; fileRef = 189ECCCE19D8F2CF002050A6 /* InfoPlist.strings */; };
		189ECCD219D8F2CF002050A6 /* HideStatusBarTests.m in Sources */ = {isa = PBXBuildFile; fileRef = 189ECCD119D8F2CF002050A6 /* HideStatusBarTests.m */; };
/* End PBXBuildFile section */

/* Begin PBXContainerItemProxy section */
		189ECCC919D8F2CF002050A6 /* PBXContainerItemProxy */ = {
			isa = PBXContainerItemProxy;
			containerPortal = 189ECC9B19D8F2CF002050A6 /* Project object */;
			proxyType = 1;
			remoteGlobalIDString = 189ECCA219D8F2CF002050A6;
			remoteInfo = HideStatusBar;
		};
/* End PBXContainerItemProxy section */

/* Begin PBXFileReference section */
		189ECCA319D8F2CF002050A6 /* HideStatusBar.app */ = {isa = PBXFileReference; explicitFileType = wrapper.application; includeInIndex = 0; path = HideStatusBar.app; sourceTree = BUILT_PRODUCTS_DIR; };
		189ECCA619D8F2CF002050A6 /* Foundation.framework */ = {isa = PBXFileReference; lastKnownFileType = wrapper.framework; name = Foundation.framework; path = System/Library/Frameworks/Foundation.framework; sourceTree = SDKROOT; };
		189ECCA819D8F2CF002050A6 /* CoreGraphics.framework */ = {isa = PBXFileReference; lastKnownFileType = wrapper.framework; name = CoreGraphics.framework; path = System/Library/Frameworks/CoreGraphics.framework; sourceTree = SDKROOT; };
		189ECCAA19D8F2CF002050A6 /* UIKit.framework */ = {isa = PBXFileReference; lastKnownFileType = wrapper.framework; name = UIKit.framework; path = System/Library/Frameworks/UIKit.framework; sourceTree = SDKROOT; };
		189ECCAE19D8F2CF002050A6 /* HideStatusBar-Info.plist */ = {isa = PBXFileReference; lastKnownFileType = text.plist.xml; path = "HideStatusBar-Info.plist"; sourceTree = "<group>"; };
		189ECCB019D8F2CF002050A6 /* en */ = {isa = PBXFileReference; lastKnownFileType = text.plist.strings; name = en; path = en.lproj/InfoPlist.strings; sourceTree = "<group>"; };
		189ECCB219D8F2CF002050A6 /* main.m */ = {isa = PBXFileReference; lastKnownFileType = sourcecode.c.objc; path = main.m; sourceTree = "<group>"; };
		189ECCB419D8F2CF002050A6 /* HideStatusBar-Prefix.pch */ = {isa = PBXFileReference; lastKnownFileType = sourcecode.c.h; path = "HideStatusBar-Prefix.pch"; sourceTree = "<group>"; };
		189ECCB519D8F2CF002050A6 /* AppDelegate.h */ = {isa = PBXFileReference; lastKnownFileType = sourcecode.c.h; path = AppDelegate.h; sourceTree = "<group>"; };
		189ECCB619D8F2CF002050A6 /* AppDelegate.m */ = {isa = PBXFileReference; lastKnownFileType = sourcecode.c.objc; path = AppDelegate.m; sourceTree = "<group>"; };
		189ECCB919D8F2CF002050A6 /* Base */ = {isa = PBXFileReference; lastKnownFileType = file.storyboard; name = Base; path = Base.lproj/Main.storyboard; sourceTree = "<group>"; };
		189ECCBB19D8F2CF002050A6 /* ViewController.h */ = {isa = PBXFileReference; lastKnownFileType = sourcecode.c.h; path = ViewController.h; sourceTree = "<group>"; };
		189ECCBC19D8F2CF002050A6 /* ViewController.m */ = {isa = PBXFileReference; lastKnownFileType = sourcecode.c.objc; path = ViewController.m; sourceTree = "<group>"; };
		189ECCBE19D8F2CF002050A6 /* Images.xcassets */ = {isa = PBXFileReference; lastKnownFileType = folder.assetcatalog; path = Images.xcassets; sourceTree = "<group>"; };
		189ECCC419D8F2CF002050A6 /* HideStatusBarTests.xctest */ = {isa = PBXFileReference; explicitFileType = wrapper.cfbundle; includeInIndex = 0; path = HideStatusBarTests.xctest; sourceTree = BUILT_PRODUCTS_DIR; };
		189ECCC519D8F2CF002050A6 /* XCTest.framework */ = {isa = PBXFileReference; lastKnownFileType = wrapper.framework; name = XCTest.framework; path = Library/Frameworks/XCTest.framework; sourceTree = DEVELOPER_DIR; };
		189ECCCD19D8F2CF002050A6 /* HideStatusBarTests-Info.plist */ = {isa = PBXFileReference; lastKnownFileType = text.plist.xml; path = "HideStatusBarTests-Info.plist"; sourceTree = "<group>"; };
		189ECCCF19D8F2CF002050A6 /* en */ = {isa = PBXFileReference; lastKnownFileType = text.plist.strings; name = en; path = en.lproj/InfoPlist.strings; sourceTree = "<group>"; };
		189ECCD119D8F2CF002050A6 /* HideStatusBarTests.m */ = {isa = PBXFileReference; lastKnownFileType = sourcecode.c.objc; path = HideStatusBarTests.m; sourceTree = "<group>"; };
/* End PBXFileReference section */

/* Begin PBXFrameworksBuildPhase section */
		189ECCA019D8F2CF002050A6 /* Frameworks */ = {
			isa = PBXFrameworksBuildPhase;
			buildActionMask = 2147483647;
			files = (
				189ECCA919D8F2CF002050A6 /* CoreGraphics.framework in Frameworks */,
				189ECCAB19D8F2CF002050A6 /* UIKit.framework in Frameworks */,
				189ECCA719D8F2CF002050A6 /* Foundation.framework in Frameworks */,
			);
			runOnlyForDeploymentPostprocessing = 0;
		};
		189ECCC119D8F2CF002050A6 /* Frameworks */ = {
			isa = PBXFrameworksBuildPhase;
			buildActionMask = 2147483647;
			files = (
				189ECCC619D8F2CF002050A6 /* XCTest.framework in Frameworks */,
				189ECCC819D8F2CF002050A6 /* UIKit.framework in Frameworks */,
				189ECCC719D8F2CF002050A6 /* Foundation.framework in Frameworks */,
			);
			runOnlyForDeploymentPostprocessing = 0;
		};
/* End PBXFrameworksBuildPhase section */

/* Begin PBXGroup section */
		189ECC9A19D8F2CF002050A6 = {
			isa = PBXGroup;
			children = (
				189ECCAC19D8F2CF002050A6 /* HideStatusBar */,
				189ECCCB19D8F2CF002050A6 /* HideStatusBarTests */,
				189ECCA519D8F2CF002050A6 /* Frameworks */,
				189ECCA419D8F2CF002050A6 /* Products */,
			);
			sourceTree = "<group>";
		};
		189ECCA419D8F2CF002050A6 /* Products */ = {
			isa = PBXGroup;
			children = (
				189ECCA319D8F2CF002050A6 /* HideStatusBar.app */,
				189ECCC419D8F2CF002050A6 /* HideStatusBarTests.xctest */,
			);
			name = Products;
			sourceTree = "<group>";
		};
		189ECCA519D8F2CF002050A6 /* Frameworks */ = {
			isa = PBXGroup;
			children = (
				189ECCA619D8F2CF002050A6 /* Foundation.framework */,
				189ECCA819D8F2CF002050A6 /* CoreGraphics.framework */,
				189ECCAA19D8F2CF002050A6 /* UIKit.framework */,
				189ECCC519D8F2CF002050A6 /* XCTest.framework */,
			);
			name = Frameworks;
			sourceTree = "<group>";
		};
		189ECCAC19D8F2CF002050A6 /* HideStatusBar */ = {
			isa = PBXGroup;
			children = (
				189ECCB519D8F2CF002050A6 /* AppDelegate.h */,
				189ECCB619D8F2CF002050A6 /* AppDelegate.m */,
				189ECCB819D8F2CF002050A6 /* Main.storyboard */,
				189ECCBB19D8F2CF002050A6 /* ViewController.h */,
				189ECCBC19D8F2CF002050A6 /* ViewController.m */,
				189ECCBE19D8F2CF002050A6 /* Images.xcassets */,
				189ECCAD19D8F2CF002050A6 /* Supporting Files */,
			);
			path = HideStatusBar;
			sourceTree = "<group>";
		};
		189ECCAD19D8F2CF002050A6 /* Supporting Files */ = {
			isa = PBXGroup;
			children = (
				189ECCAE19D8F2CF002050A6 /* HideStatusBar-Info.plist */,
				189ECCAF19D8F2CF002050A6 /* InfoPlist.strings */,
				189ECCB219D8F2CF002050A6 /* main.m */,
				189ECCB419D8F2CF002050A6 /* HideStatusBar-Prefix.pch */,
			);
			name = "Supporting Files";
			sourceTree = "<group>";
		};
		189ECCCB19D8F2CF002050A6 /* HideStatusBarTests */ = {
			isa = PBXGroup;
			children = (
				189ECCD119D8F2CF002050A6 /* HideStatusBarTests.m */,
				189ECCCC19D8F2CF002050A6 /* Supporting Files */,
			);
			path = HideStatusBarTests;
			sourceTree = "<group>";
		};
		189ECCCC19D8F2CF002050A6 /* Supporting Files */ = {
			isa = PBXGroup;
			children = (
				189ECCCD19D8F2CF002050A6 /* HideStatusBarTests-Info.plist */,
				189ECCCE19D8F2CF002050A6 /* InfoPlist.strings */,
			);
			name = "Supporting Files";
			sourceTree = "<group>";
		};
/* End PBXGroup section */

/* Begin PBXNativeTarget section */
		189ECCA219D8F2CF002050A6 /* HideStatusBar */ = {
			isa = PBXNativeTarget;
			buildConfigurationList = 189ECCD519D8F2CF002050A6 /* Build configuration list for PBXNativeTarget "HideStatusBar" */;
			buildPhases = (
				189ECC9F19D8F2CF002050A6 /* Sources */,
				189ECCA019D8F2CF002050A6 /* Frameworks */,
				189ECCA119D8F2CF002050A6 /* Resources */,
			);
			buildRules = (
			);
			dependencies = (
			);
			name = HideStatusBar;
			productName = HideStatusBar;
			productReference = 189ECCA319D8F2CF002050A6 /* HideStatusBar.app */;
			productType = "com.apple.product-type.application";
		};
		189ECCC319D8F2CF002050A6 /* HideStatusBarTests */ = {
			isa = PBXNativeTarget;
			buildConfigurationList = 189ECCD819D8F2CF002050A6 /* Build configuration list for PBXNativeTarget "HideStatusBarTests" */;
			buildPhases = (
				189ECCC019D8F2CF002050A6 /* Sources */,
				189ECCC119D8F2CF002050A6 /* Frameworks */,
				189ECCC219D8F2CF002050A6 /* Resources */,
			);
			buildRules = (
			);
			dependencies = (
				189ECCCA19D8F2CF002050A6 /* PBXTargetDependency */,
			);
			name = HideStatusBarTests;
			productName = HideStatusBarTests;
			productReference = 189ECCC419D8F2CF002050A6 /* HideStatusBarTests.xctest */;
			productType = "com.apple.product-type.bundle.unit-test";
		};
/* End PBXNativeTarget section */

/* Begin PBXProject section */
		189ECC9B19D8F2CF002050A6 /* Project object */ = {
			isa = PBXProject;
			attributes = {
				LastUpgradeCheck = 0510;
				ORGANIZATIONNAME = Jymn_Chen;
				TargetAttributes = {
					189ECCC319D8F2CF002050A6 = {
						TestTargetID = 189ECCA219D8F2CF002050A6;
					};
				};
			};
			buildConfigurationList = 189ECC9E19D8F2CF002050A6 /* Build configuration list for PBXProject "HideStatusBar" */;
			compatibilityVersion = "Xcode 3.2";
			developmentRegion = English;
			hasScannedForEncodings = 0;
			knownRegions = (
				en,
				Base,
			);
			mainGroup = 189ECC9A19D8F2CF002050A6;
			productRefGroup = 189ECCA419D8F2CF002050A6 /* Products */;
			projectDirPath = "";
			projectRoot = "";
			targets = (
				189ECCA219D8F2CF002050A6 /* HideStatusBar */,
				189ECCC319D8F2CF002050A6 /* HideStatusBarTests */,
			);
		};
/* End PBXProject section */

/* Begin PBXResourcesBuildPhase section */
		189ECCA119D8F2CF002050A6 /* Resources */ = {
			isa = PBXResourcesBuildPhase;
			buildActionMask = 2147483647;
			files = (
				189ECCBF19D8F2CF002050A6 /* Images.xcassets in Resources */,
				189ECCB119D8F2CF002050A6 /* InfoPlist.strings in Resources */,
				189ECCBA19D8F2CF002050A6 /* Main.storyboard in Resources */,
			);
			runOnlyForDeploymentPostprocessing = 0;
		};
		189ECCC219D8F2CF002050A6 /* Resources */ = {
			isa = PBXResourcesBuildPhase;
			buildActionMask = 2147483647;
			files = (
				189ECCD019D8F2CF002050A6 /* InfoPlist.strings in Resources */,
			);
			runOnlyForDeploymentPostprocessing = 0;
		};
/* End PBXResourcesBuildPhase section */

/* Begin PBXSourcesBuildPhase section */
		189ECC9F19D8F2CF002050A6 /* Sources */ = {
			isa = PBXSourcesBuildPhase;
			buildActionMask = 2147483647;
			files = (
				189ECCBD19D8F2CF002050A6 /* ViewController.m in Sources */,
				189ECCB719D8F2CF002050A6 /* AppDelegate.m in Sources */,
				189ECCB319D8F2CF002050A6 /* main.m in Sources */,
			);
			runOnlyForDeploymentPostprocessing = 0;
		};
		189ECCC019D8F2CF002050A6 /* Sources */ = {
			isa = PBXSourcesBuildPhase;
			buildActionMask = 2147483647;
			files = (
				189ECCD219D8F2CF002050A6 /* HideStatusBarTests.m in Sources */,
			);
			runOnlyForDeploymentPostprocessing = 0;
		};
/* End PBXSourcesBuildPhase section */

/* Begin PBXTargetDependency section */
		189ECCCA19D8F2CF002050A6 /* PBXTargetDependency */ = {
			isa = PBXTargetDependency;
			target = 189ECCA219D8F2CF002050A6 /* HideStatusBar */;
			targetProxy = 189ECCC919D8F2CF002050A6 /* PBXContainerItemProxy */;
		};
/* End PBXTargetDependency section */

/* Begin PBXVariantGroup section */
		189ECCAF19D8F2CF002050A6 /* InfoPlist.strings */ = {
			isa = PBXVariantGroup;
			children = (
				189ECCB019D8F2CF002050A6 /* en */,
			);
			name = InfoPlist.strings;
			sourceTree = "<group>";
		};
		189ECCB819D8F2CF002050A6 /* Main.storyboard */ = {
			isa = PBXVariantGroup;
			children = (
				189ECCB919D8F2CF002050A6 /* Base */,
			);
			name = Main.storyboard;
			sourceTree = "<group>";
		};
		189ECCCE19D8F2CF002050A6 /* InfoPlist.strings */ = {
			isa = PBXVariantGroup;
			children = (
				189ECCCF19D8F2CF002050A6 /* en */,
			);
			name = InfoPlist.strings;
			sourceTree = "<group>";
		};
/* End PBXVariantGroup section */

/* Begin XCBuildConfiguration section */
		189ECCD319D8F2CF002050A6 /* Debug */ = {
			isa = XCBuildConfiguration;
			buildSettings = {
				ALWAYS_SEARCH_USER_PATHS = NO;
				CLANG_CXX_LANGUAGE_STANDARD = "gnu++0x";
				CLANG_CXX_LIBRARY = "libc++";
				CLANG_ENABLE_MODULES = YES;
				CLANG_ENABLE_OBJC_ARC = YES;
				CLANG_WARN_BOOL_CONVERSION = YES;
				CLANG_WARN_CONSTANT_CONVERSION = YES;
				CLANG_WARN_DIRECT_OBJC_ISA_USAGE = YES_ERROR;
				CLANG_WARN_EMPTY_BODY = YES;
				CLANG_WARN_ENUM_CONVERSION = YES;
				CLANG_WARN_INT_CONVERSION = YES;
				CLANG_WARN_OBJC_ROOT_CLASS = YES_ERROR;
				CLANG_WARN__DUPLICATE_METHOD_MATCH = YES;
				"CODE_SIGN_IDENTITY[sdk=iphoneos*]" = "iPhone Developer";
				COPY_PHASE_STRIP = NO;
				GCC_C_LANGUAGE_STANDARD = gnu99;
				GCC_DYNAMIC_NO_PIC = NO;
				GCC_OPTIMIZATION_LEVEL = 0;
				GCC_PREPROCESSOR_DEFINITIONS = (
					"DEBUG=1",
					"$(inherited)",
				);
				GCC_SYMBOLS_PRIVATE_EXTERN = NO;
				GCC_WARN_64_TO_32_BIT_CONVERSION = YES;
				GCC_WARN_ABOUT_RETURN_TYPE = YES_ERROR;
				GCC_WARN_UNDECLARED_SELECTOR = YES;
				GCC_WARN_UNINITIALIZED_AUTOS = YES_AGGRESSIVE;
				GCC_WARN_UNUSED_FUNCTION = YES;
				GCC_WARN_UNUSED_VARIABLE = YES;
				IPHONEOS_DEPLOYMENT_TARGET = 7.1;
				ONLY_ACTIVE_ARCH = YES;
				SDKROOT = iphoneos;
			};
			name = Debug;
		};
		189ECCD419D8F2CF002050A6 /* Release */ = {
			isa = XCBuildConfiguration;
			buildSettings = {
				ALWAYS_SEARCH_USER_PATHS = NO;
				CLANG_CXX_LANGUAGE_STANDARD = "gnu++0x";
				CLANG_CXX_LIBRARY = "libc++";
				CLANG_ENABLE_MODULES = YES;
				CLANG_ENABLE_OBJC_ARC = YES;
				CLANG_WARN_BOOL_CONVERSION = YES;
				CLANG_WARN_CONSTANT_CONVERSION = YES;
				CLANG_WARN_DIRECT_OBJC_ISA_USAGE = YES_ERROR;
				CLANG_WARN_EMPTY_BODY = YES;
				CLANG_WARN_ENUM_CONVERSION = YES;
				CLANG_WARN_INT_CONVERSION = YES;
				CLANG_WARN_OBJC_ROOT_CLASS = YES_ERROR;
				CLANG_WARN__DUPLICATE_METHOD_MATCH = YES;
				"CODE_SIGN_IDENTITY[sdk=iphoneos*]" = "iPhone Developer";
				COPY_PHASE_STRIP = YES;
				ENABLE_NS_ASSERTIONS = NO;
				GCC_C_LANGUAGE_STANDARD = gnu99;
				GCC_WARN_64_TO_32_BIT_CONVERSION = YES;
				GCC_WARN_ABOUT_RETURN_TYPE = YES_ERROR;
				GCC_WARN_UNDECLARED_SELECTOR = YES;
				GCC_WARN_UNINITIALIZED_AUTOS = YES_AGGRESSIVE;
				GCC_WARN_UNUSED_FUNCTION = YES;
				GCC_WARN_UNUSED_VARIABLE = YES;
				IPHONEOS_DEPLOYMENT_TARGET = 7.1;
				SDKROOT = iphoneos;
				VALIDATE_PRODUCT = YES;
			};
			name = Release;
		};
		189ECCD619D8F2CF002050A6 /* Debug */ = {
			isa = XCBuildConfiguration;
			buildSettings = {
				ASSETCATALOG_COMPILER_APPICON_NAME = AppIcon;
				ASSETCATALOG_COMPILER_LAUNCHIMAGE_NAME = LaunchImage;
				GCC_PRECOMPILE_PREFIX_HEADER = YES;
				GCC_PREFIX_HEADER = "HideStatusBar/HideStatusBar-Prefix.pch";
				INFOPLIST_FILE = "HideStatusBar/HideStatusBar-Info.plist";
				PRODUCT_NAME = "$(TARGET_NAME)";
				WRAPPER_EXTENSION = app;
			};
			name = Debug;
		};
		189ECCD719D8F2CF002050A6 /* Release */ = {
			isa = XCBuildConfiguration;
			buildSettings = {
				ASSETCATALOG_COMPILER_APPICON_NAME = AppIcon;
				ASSETCATALOG_COMPILER_LAUNCHIMAGE_NAME = LaunchImage;
				GCC_PRECOMPILE_PREFIX_HEADER = YES;
				GCC_PREFIX_HEADER = "HideStatusBar/HideStatusBar-Prefix.pch";
				INFOPLIST_FILE = "HideStatusBar/HideStatusBar-Info.plist";
				PRODUCT_NAME = "$(TARGET_NAME)";
				WRAPPER_EXTENSION = app;
			};
			name = Release;
		};
		189ECCD919D8F2CF002050A6 /* Debug */ = {
			isa = XCBuildConfiguration;
			buildSettings = {
				BUNDLE_LOADER = "$(BUILT_PRODUCTS_DIR)/HideStatusBar.app/HideStatusBar";
				FRAMEWORK_SEARCH_PATHS = (
					"$(SDKROOT)/Developer/Library/Frameworks",
					"$(inherited)",
					"$(DEVELOPER_FRAMEWORKS_DIR)",
				);
				GCC_PRECOMPILE_PREFIX_HEADER = YES;
				GCC_PREFIX_HEADER = "HideStatusBar/HideStatusBar-Prefix.pch";
				GCC_PREPROCESSOR_DEFINITIONS = (
					"DEBUG=1",
					"$(inherited)",
				);
				INFOPLIST_FILE = "HideStatusBarTests/HideStatusBarTests-Info.plist";
				PRODUCT_NAME = "$(TARGET_NAME)";
				TEST_HOST = "$(BUNDLE_LOADER)";
				WRAPPER_EXTENSION = xctest;
			};
			name = Debug;
		};
		189ECCDA19D8F2CF002050A6 /* Release */ = {
			isa = XCBuildConfiguration;
			buildSettings = {
				BUNDLE_LOADER = "$(BUILT_PRODUCTS_DIR)/HideStatusBar.app/HideStatusBar";
				FRAMEWORK_SEARCH_PATHS = (
					"$(SDKROOT)/Developer/Library/Frameworks",
					"$(inherited)",
					"$(DEVELOPER_FRAMEWORKS_DIR)",
				);
				GCC_PRECOMPILE_PREFIX_HEADER = YES;
				GCC_PREFIX_HEADER = "HideStatusBar/HideStatusBar-Prefix.pch";
				INFOPLIST_FILE = "HideStatusBarTests/HideStatusBarTests-Info.plist";
				PRODUCT_NAME = "$(TARGET_NAME)";
				TEST_HOST = "$(BUNDLE_LOADER)";
				WRAPPER_EXTENSION = xctest;
			};
			name = Release;
		};
/* End XCBuildConfiguration section */

/* Begin XCConfigurationList section */
		189ECC9E19D8F2CF002050A6 /* Build configuration list for PBXProject "HideStatusBar" */ = {
			isa = XCConfigurationList;
			buildConfigurations = (
				189ECCD319D8F2CF002050A6 /* Debug */,
				189ECCD419D8F2CF002050A6 /* Release */,
			);
			defaultConfigurationIsVisible = 0;
			defaultConfigurationName = Release;
		};
		189ECCD519D8F2CF002050A6 /* Build configuration list for PBXNativeTarget "HideStatusBar" */ = {
			isa = XCConfigurationList;
			buildConfigurations = (
				189ECCD619D8F2CF002050A6 /* Debug */,
				189ECCD719D8F2CF002050A6 /* Release */,
			);
			defaultConfigurationIsVisible = 0;
		};
		189ECCD819D8F2CF002050A6 /* Build configuration list for PBXNativeTarget "HideStatusBarTests" */ = {
			isa = XCConfigurationList;
			buildConfigurations = (
				189ECCD919D8F2CF002050A6 /* Debug */,
				189ECCDA19D8F2CF002050A6 /* Release */,
			);
			defaultConfigurationIsVisible = 0;
		};
/* End XCConfigurationList section */
	};
	rootObject = 189ECC9B19D8F2CF002050A6 /* Project object */;
}
