// !$*UTF8*$!
{
	archiveVersion = 1;
	classes = {
	};
	objectVersion = 46;
	objects = {

/* Begin PBXBuildFile section */
		1805585219E135D100206CEA /* ManualALViewController.m in Sources */ = {isa = PBXBuildFile; fileRef = 1805585119E135D100206CEA /* ManualALViewController.m */; };
		18C0C81519D85E080061B184 /* Foundation.framework in Frameworks */ = {isa = PBXBuildFile; fileRef = 18C0C81419D85E080061B184 /* Foundation.framework */; };
		18C0C81719D85E080061B184 /* CoreGraphics.framework in Frameworks */ = {isa = PBXBuildFile; fileRef = 18C0C81619D85E080061B184 /* CoreGraphics.framework */; };
		18C0C81919D85E080061B184 /* UIKit.framework in Frameworks */ = {isa = PBXBuildFile; fileRef = 18C0C81819D85E080061B184 /* UIKit.framework */; };
		18C0C81F19D85E080061B184 /* InfoPlist.strings in Resources */ = {isa = PBXBuildFile; fileRef = 18C0C81D19D85E080061B184 /* InfoPlist.strings */; };
		18C0C82119D85E080061B184 /* main.m in Sources */ = {isa = PBXBuildFile; fileRef = 18C0C82019D85E080061B184 /* main.m */; };
		18C0C82519D85E080061B184 /* AppDelegate.m in Sources */ = {isa = PBXBuildFile; fileRef = 18C0C82419D85E080061B184 /* AppDelegate.m */; };
		18C0C82819D85E080061B184 /* Main.storyboard in Resources */ = {isa = PBXBuildFile; fileRef = 18C0C82619D85E080061B184 /* Main.storyboard */; };
		18C0C82B19D85E080061B184 /* ViewController.m in Sources */ = {isa = PBXBuildFile; fileRef = 18C0C82A19D85E080061B184 /* ViewController.m */; };
		18C0C82D19D85E080061B184 /* Images.xcassets in Resources */ = {isa = PBXBuildFile; fileRef = 18C0C82C19D85E080061B184 /* Images.xcassets */; };
		18C0C83419D85E080061B184 /* XCTest.framework in Frameworks */ = {isa = PBXBuildFile; fileRef = 18C0C83319D85E080061B184 /* XCTest.framework */; };
		18C0C83519D85E080061B184 /* Foundation.framework in Frameworks */ = {isa = PBXBuildFile; fileRef = 18C0C81419D85E080061B184 /* Foundation.framework */; };
		18C0C83619D85E080061B184 /* UIKit.framework in Frameworks */ = {isa = PBXBuildFile; fileRef = 18C0C81819D85E080061B184 /* UIKit.framework */; };
		18C0C83E19D85E080061B184 /* InfoPlist.strings in Resources */ = {isa = PBXBuildFile; fileRef = 18C0C83C19D85E080061B184 /* InfoPlist.strings */; };
		18C0C84019D85E080061B184 /* AutoLayoutDemoTests.m in Sources */ = {isa = PBXBuildFile; fileRef = 18C0C83F19D85E080061B184 /* AutoLayoutDemoTests.m */; };
/* End PBXBuildFile section */

/* Begin PBXContainerItemProxy section */
		18C0C83719D85E080061B184 /* PBXContainerItemProxy */ = {
			isa = PBXContainerItemProxy;
			containerPortal = 18C0C80919D85E080061B184 /* Project object */;
			proxyType = 1;
			remoteGlobalIDString = 18C0C81019D85E080061B184;
			remoteInfo = AutoLayoutDemo;
		};
/* End PBXContainerItemProxy section */

/* Begin PBXFileReference section */
		1805585019E135D100206CEA /* ManualALViewController.h */ = {isa = PBXFileReference; fileEncoding = 4; lastKnownFileType = sourcecode.c.h; path = ManualALViewController.h; sourceTree = "<group>"; };
		1805585119E135D100206CEA /* ManualALViewController.m */ = {isa = PBXFileReference; fileEncoding = 4; lastKnownFileType = sourcecode.c.objc; path = ManualALViewController.m; sourceTree = "<group>"; };
		18C0C81119D85E080061B184 /* AutoLayoutDemo.app */ = {isa = PBXFileReference; explicitFileType = wrapper.application; includeInIndex = 0; path = AutoLayoutDemo.app; sourceTree = BUILT_PRODUCTS_DIR; };
		18C0C81419D85E080061B184 /* Foundation.framework */ = {isa = PBXFileReference; lastKnownFileType = wrapper.framework; name = Foundation.framework; path = System/Library/Frameworks/Foundation.framework; sourceTree = SDKROOT; };
		18C0C81619D85E080061B184 /* CoreGraphics.framework */ = {isa = PBXFileReference; lastKnownFileType = wrapper.framework; name = CoreGraphics.framework; path = System/Library/Frameworks/CoreGraphics.framework; sourceTree = SDKROOT; };
		18C0C81819D85E080061B184 /* UIKit.framework */ = {isa = PBXFileReference; lastKnownFileType = wrapper.framework; name = UIKit.framework; path = System/Library/Frameworks/UIKit.framework; sourceTree = SDKROOT; };
		18C0C81C19D85E080061B184 /* AutoLayoutDemo-Info.plist */ = {isa = PBXFileReference; lastKnownFileType = text.plist.xml; path = "AutoLayoutDemo-Info.plist"; sourceTree = "<group>"; };
		18C0C81E19D85E080061B184 /* en */ = {isa = PBXFileReference; lastKnownFileType = text.plist.strings; name = en; path = en.lproj/InfoPlist.strings; sourceTree = "<group>"; };
		18C0C82019D85E080061B184 /* main.m */ = {isa = PBXFileReference; lastKnownFileType = sourcecode.c.objc; path = main.m; sourceTree = "<group>"; };
		18C0C82219D85E080061B184 /* AutoLayoutDemo-Prefix.pch */ = {isa = PBXFileReference; lastKnownFileType = sourcecode.c.h; path = "AutoLayoutDemo-Prefix.pch"; sourceTree = "<group>"; };
		18C0C82319D85E080061B184 /* AppDelegate.h */ = {isa = PBXFileReference; lastKnownFileType = sourcecode.c.h; path = AppDelegate.h; sourceTree = "<group>"; };
		18C0C82419D85E080061B184 /* AppDelegate.m */ = {isa = PBXFileReference; lastKnownFileType = sourcecode.c.objc; path = AppDelegate.m; sourceTree = "<group>"; };
		18C0C82719D85E080061B184 /* Base */ = {isa = PBXFileReference; lastKnownFileType = file.storyboard; name = Base; path = Base.lproj/Main.storyboard; sourceTree = "<group>"; };
		18C0C82919D85E080061B184 /* ViewController.h */ = {isa = PBXFileReference; lastKnownFileType = sourcecode.c.h; path = ViewController.h; sourceTree = "<group>"; };
		18C0C82A19D85E080061B184 /* ViewController.m */ = {isa = PBXFileReference; lastKnownFileType = sourcecode.c.objc; path = ViewController.m; sourceTree = "<group>"; };
		18C0C82C19D85E080061B184 /* Images.xcassets */ = {isa = PBXFileReference; lastKnownFileType = folder.assetcatalog; path = Images.xcassets; sourceTree = "<group>"; };
		18C0C83219D85E080061B184 /* AutoLayoutDemoTests.xctest */ = {isa = PBXFileReference; explicitFileType = wrapper.cfbundle; includeInIndex = 0; path = AutoLayoutDemoTests.xctest; sourceTree = BUILT_PRODUCTS_DIR; };
		18C0C83319D85E080061B184 /* XCTest.framework */ = {isa = PBXFileReference; lastKnownFileType = wrapper.framework; name = XCTest.framework; path = Library/Frameworks/XCTest.framework; sourceTree = DEVELOPER_DIR; };
		18C0C83B19D85E080061B184 /* AutoLayoutDemoTests-Info.plist */ = {isa = PBXFileReference; lastKnownFileType = text.plist.xml; path = "AutoLayoutDemoTests-Info.plist"; sourceTree = "<group>"; };
		18C0C83D19D85E080061B184 /* en */ = {isa = PBXFileReference; lastKnownFileType = text.plist.strings; name = en; path = en.lproj/InfoPlist.strings; sourceTree = "<group>"; };
		18C0C83F19D85E080061B184 /* AutoLayoutDemoTests.m */ = {isa = PBXFileReference; lastKnownFileType = sourcecode.c.objc; path = AutoLayoutDemoTests.m; sourceTree = "<group>"; };
/* End PBXFileReference section */

/* Begin PBXFrameworksBuildPhase section */
		18C0C80E19D85E080061B184 /* Frameworks */ = {
			isa = PBXFrameworksBuildPhase;
			buildActionMask = 2147483647;
			files = (
				18C0C81719D85E080061B184 /* CoreGraphics.framework in Frameworks */,
				18C0C81919D85E080061B184 /* UIKit.framework in Frameworks */,
				18C0C81519D85E080061B184 /* Foundation.framework in Frameworks */,
			);
			runOnlyForDeploymentPostprocessing = 0;
		};
		18C0C82F19D85E080061B184 /* Frameworks */ = {
			isa = PBXFrameworksBuildPhase;
			buildActionMask = 2147483647;
			files = (
				18C0C83419D85E080061B184 /* XCTest.framework in Frameworks */,
				18C0C83619D85E080061B184 /* UIKit.framework in Frameworks */,
				18C0C83519D85E080061B184 /* Foundation.framework in Frameworks */,
			);
			runOnlyForDeploymentPostprocessing = 0;
		};
/* End PBXFrameworksBuildPhase section */

/* Begin PBXGroup section */
		18C0C80819D85E080061B184 = {
			isa = PBXGroup;
			children = (
				18C0C81A19D85E080061B184 /* AutoLayoutDemo */,
				18C0C83919D85E080061B184 /* AutoLayoutDemoTests */,
				18C0C81319D85E080061B184 /* Frameworks */,
				18C0C81219D85E080061B184 /* Products */,
			);
			sourceTree = "<group>";
		};
		18C0C81219D85E080061B184 /* Products */ = {
			isa = PBXGroup;
			children = (
				18C0C81119D85E080061B184 /* AutoLayoutDemo.app */,
				18C0C83219D85E080061B184 /* AutoLayoutDemoTests.xctest */,
			);
			name = Products;
			sourceTree = "<group>";
		};
		18C0C81319D85E080061B184 /* Frameworks */ = {
			isa = PBXGroup;
			children = (
				18C0C81419D85E080061B184 /* Foundation.framework */,
				18C0C81619D85E080061B184 /* CoreGraphics.framework */,
				18C0C81819D85E080061B184 /* UIKit.framework */,
				18C0C83319D85E080061B184 /* XCTest.framework */,
			);
			name = Frameworks;
			sourceTree = "<group>";
		};
		18C0C81A19D85E080061B184 /* AutoLayoutDemo */ = {
			isa = PBXGroup;
			children = (
				18C0C82319D85E080061B184 /* AppDelegate.h */,
				18C0C82419D85E080061B184 /* AppDelegate.m */,
				18C0C82619D85E080061B184 /* Main.storyboard */,
				18C0C82919D85E080061B184 /* ViewController.h */,
				18C0C82A19D85E080061B184 /* ViewController.m */,
				1805585019E135D100206CEA /* ManualALViewController.h */,
				1805585119E135D100206CEA /* ManualALViewController.m */,
				18C0C82C19D85E080061B184 /* Images.xcassets */,
				18C0C81B19D85E080061B184 /* Supporting Files */,
			);
			path = AutoLayoutDemo;
			sourceTree = "<group>";
		};
		18C0C81B19D85E080061B184 /* Supporting Files */ = {
			isa = PBXGroup;
			children = (
				18C0C81C19D85E080061B184 /* AutoLayoutDemo-Info.plist */,
				18C0C81D19D85E080061B184 /* InfoPlist.strings */,
				18C0C82019D85E080061B184 /* main.m */,
				18C0C82219D85E080061B184 /* AutoLayoutDemo-Prefix.pch */,
			);
			name = "Supporting Files";
			sourceTree = "<group>";
		};
		18C0C83919D85E080061B184 /* AutoLayoutDemoTests */ = {
			isa = PBXGroup;
			children = (
				18C0C83F19D85E080061B184 /* AutoLayoutDemoTests.m */,
				18C0C83A19D85E080061B184 /* Supporting Files */,
			);
			path = AutoLayoutDemoTests;
			sourceTree = "<group>";
		};
		18C0C83A19D85E080061B184 /* Supporting Files */ = {
			isa = PBXGroup;
			children = (
				18C0C83B19D85E080061B184 /* AutoLayoutDemoTests-Info.plist */,
				18C0C83C19D85E080061B184 /* InfoPlist.strings */,
			);
			name = "Supporting Files";
			sourceTree = "<group>";
		};
/* End PBXGroup section */

/* Begin PBXNativeTarget section */
		18C0C81019D85E080061B184 /* AutoLayoutDemo */ = {
			isa = PBXNativeTarget;
			buildConfigurationList = 18C0C84319D85E080061B184 /* Build configuration list for PBXNativeTarget "AutoLayoutDemo" */;
			buildPhases = (
				18C0C80D19D85E080061B184 /* Sources */,
				18C0C80E19D85E080061B184 /* Frameworks */,
				18C0C80F19D85E080061B184 /* Resources */,
			);
			buildRules = (
			);
			dependencies = (
			);
			name = AutoLayoutDemo;
			productName = AutoLayoutDemo;
			productReference = 18C0C81119D85E080061B184 /* AutoLayoutDemo.app */;
			productType = "com.apple.product-type.application";
		};
		18C0C83119D85E080061B184 /* AutoLayoutDemoTests */ = {
			isa = PBXNativeTarget;
			buildConfigurationList = 18C0C84619D85E080061B184 /* Build configuration list for PBXNativeTarget "AutoLayoutDemoTests" */;
			buildPhases = (
				18C0C82E19D85E080061B184 /* Sources */,
				18C0C82F19D85E080061B184 /* Frameworks */,
				18C0C83019D85E080061B184 /* Resources */,
			);
			buildRules = (
			);
			dependencies = (
				18C0C83819D85E080061B184 /* PBXTargetDependency */,
			);
			name = AutoLayoutDemoTests;
			productName = AutoLayoutDemoTests;
			productReference = 18C0C83219D85E080061B184 /* AutoLayoutDemoTests.xctest */;
			productType = "com.apple.product-type.bundle.unit-test";
		};
/* End PBXNativeTarget section */

/* Begin PBXProject section */
		18C0C80919D85E080061B184 /* Project object */ = {
			isa = PBXProject;
			attributes = {
				LastUpgradeCheck = 0510;
				ORGANIZATIONNAME = Jymn_Chen;
				TargetAttributes = {
					18C0C83119D85E080061B184 = {
						TestTargetID = 18C0C81019D85E080061B184;
					};
				};
			};
			buildConfigurationList = 18C0C80C19D85E080061B184 /* Build configuration list for PBXProject "AutoLayoutDemo" */;
			compatibilityVersion = "Xcode 3.2";
			developmentRegion = English;
			hasScannedForEncodings = 0;
			knownRegions = (
				en,
				Base,
			);
			mainGroup = 18C0C80819D85E080061B184;
			productRefGroup = 18C0C81219D85E080061B184 /* Products */;
			projectDirPath = "";
			projectRoot = "";
			targets = (
				18C0C81019D85E080061B184 /* AutoLayoutDemo */,
				18C0C83119D85E080061B184 /* AutoLayoutDemoTests */,
			);
		};
/* End PBXProject section */

/* Begin PBXResourcesBuildPhase section */
		18C0C80F19D85E080061B184 /* Resources */ = {
			isa = PBXResourcesBuildPhase;
			buildActionMask = 2147483647;
			files = (
				18C0C82D19D85E080061B184 /* Images.xcassets in Resources */,
				18C0C81F19D85E080061B184 /* InfoPlist.strings in Resources */,
				18C0C82819D85E080061B184 /* Main.storyboard in Resources */,
			);
			runOnlyForDeploymentPostprocessing = 0;
		};
		18C0C83019D85E080061B184 /* Resources */ = {
			isa = PBXResourcesBuildPhase;
			buildActionMask = 2147483647;
			files = (
				18C0C83E19D85E080061B184 /* InfoPlist.strings in Resources */,
			);
			runOnlyForDeploymentPostprocessing = 0;
		};
/* End PBXResourcesBuildPhase section */

/* Begin PBXSourcesBuildPhase section */
		18C0C80D19D85E080061B184 /* Sources */ = {
			isa = PBXSourcesBuildPhase;
			buildActionMask = 2147483647;
			files = (
				18C0C82B19D85E080061B184 /* ViewController.m in Sources */,
				1805585219E135D100206CEA /* ManualALViewController.m in Sources */,
				18C0C82519D85E080061B184 /* AppDelegate.m in Sources */,
				18C0C82119D85E080061B184 /* main.m in Sources */,
			);
			runOnlyForDeploymentPostprocessing = 0;
		};
		18C0C82E19D85E080061B184 /* Sources */ = {
			isa = PBXSourcesBuildPhase;
			buildActionMask = 2147483647;
			files = (
				18C0C84019D85E080061B184 /* AutoLayoutDemoTests.m in Sources */,
			);
			runOnlyForDeploymentPostprocessing = 0;
		};
/* End PBXSourcesBuildPhase section */

/* Begin PBXTargetDependency section */
		18C0C83819D85E080061B184 /* PBXTargetDependency */ = {
			isa = PBXTargetDependency;
			target = 18C0C81019D85E080061B184 /* AutoLayoutDemo */;
			targetProxy = 18C0C83719D85E080061B184 /* PBXContainerItemProxy */;
		};
/* End PBXTargetDependency section */

/* Begin PBXVariantGroup section */
		18C0C81D19D85E080061B184 /* InfoPlist.strings */ = {
			isa = PBXVariantGroup;
			children = (
				18C0C81E19D85E080061B184 /* en */,
			);
			name = InfoPlist.strings;
			sourceTree = "<group>";
		};
		18C0C82619D85E080061B184 /* Main.storyboard */ = {
			isa = PBXVariantGroup;
			children = (
				18C0C82719D85E080061B184 /* Base */,
			);
			name = Main.storyboard;
			sourceTree = "<group>";
		};
		18C0C83C19D85E080061B184 /* InfoPlist.strings */ = {
			isa = PBXVariantGroup;
			children = (
				18C0C83D19D85E080061B184 /* en */,
			);
			name = InfoPlist.strings;
			sourceTree = "<group>";
		};
/* End PBXVariantGroup section */

/* Begin XCBuildConfiguration section */
		18C0C84119D85E080061B184 /* Debug */ = {
			isa = XCBuildConfiguration;
			buildSettings = {
				ALWAYS_SEARCH_USER_PATHS = NO;
				CLANG_CXX_LANGUAGE_STANDARD = "gnu++0x";
				CLANG_CXX_LIBRARY = "libc++";
				CLANG_ENABLE_MODULES = YES;
				CLANG_ENABLE_OBJC_ARC = YES;
				CLANG_WARN_BOOL_CONVERSION = YES;
				CLANG_WARN_CONSTANT_CONVERSION = YES;
				CLANG_WARN_DIRECT_OBJC_ISA_USAGE = YES_ERROR;
				CLANG_WARN_EMPTY_BODY = YES;
				CLANG_WARN_ENUM_CONVERSION = YES;
				CLANG_WARN_INT_CONVERSION = YES;
				CLANG_WARN_OBJC_ROOT_CLASS = YES_ERROR;
				CLANG_WARN__DUPLICATE_METHOD_MATCH = YES;
				"CODE_SIGN_IDENTITY[sdk=iphoneos*]" = "iPhone Developer";
				COPY_PHASE_STRIP = NO;
				GCC_C_LANGUAGE_STANDARD = gnu99;
				GCC_DYNAMIC_NO_PIC = NO;
				GCC_OPTIMIZATION_LEVEL = 0;
				GCC_PREPROCESSOR_DEFINITIONS = (
					"DEBUG=1",
					"$(inherited)",
				);
				GCC_SYMBOLS_PRIVATE_EXTERN = NO;
				GCC_WARN_64_TO_32_BIT_CONVERSION = YES;
				GCC_WARN_ABOUT_RETURN_TYPE = YES_ERROR;
				GCC_WARN_UNDECLARED_SELECTOR = YES;
				GCC_WARN_UNINITIALIZED_AUTOS = YES_AGGRESSIVE;
				GCC_WARN_UNUSED_FUNCTION = YES;
				GCC_WARN_UNUSED_VARIABLE = YES;
				IPHONEOS_DEPLOYMENT_TARGET = 7.1;
				ONLY_ACTIVE_ARCH = YES;
				SDKROOT = iphoneos;
			};
			name = Debug;
		};
		18C0C84219D85E080061B184 /* Release */ = {
			isa = XCBuildConfiguration;
			buildSettings = {
				ALWAYS_SEARCH_USER_PATHS = NO;
				CLANG_CXX_LANGUAGE_STANDARD = "gnu++0x";
				CLANG_CXX_LIBRARY = "libc++";
				CLANG_ENABLE_MODULES = YES;
				CLANG_ENABLE_OBJC_ARC = YES;
				CLANG_WARN_BOOL_CONVERSION = YES;
				CLANG_WARN_CONSTANT_CONVERSION = YES;
				CLANG_WARN_DIRECT_OBJC_ISA_USAGE = YES_ERROR;
				CLANG_WARN_EMPTY_BODY = YES;
				CLANG_WARN_ENUM_CONVERSION = YES;
				CLANG_WARN_INT_CONVERSION = YES;
				CLANG_WARN_OBJC_ROOT_CLASS = YES_ERROR;
				CLANG_WARN__DUPLICATE_METHOD_MATCH = YES;
				"CODE_SIGN_IDENTITY[sdk=iphoneos*]" = "iPhone Developer";
				COPY_PHASE_STRIP = YES;
				ENABLE_NS_ASSERTIONS = NO;
				GCC_C_LANGUAGE_STANDARD = gnu99;
				GCC_WARN_64_TO_32_BIT_CONVERSION = YES;
				GCC_WARN_ABOUT_RETURN_TYPE = YES_ERROR;
				GCC_WARN_UNDECLARED_SELECTOR = YES;
				GCC_WARN_UNINITIALIZED_AUTOS = YES_AGGRESSIVE;
				GCC_WARN_UNUSED_FUNCTION = YES;
				GCC_WARN_UNUSED_VARIABLE = YES;
				IPHONEOS_DEPLOYMENT_TARGET = 7.1;
				SDKROOT = iphoneos;
				VALIDATE_PRODUCT = YES;
			};
			name = Release;
		};
		18C0C84419D85E080061B184 /* Debug */ = {
			isa = XCBuildConfiguration;
			buildSettings = {
				ASSETCATALOG_COMPILER_APPICON_NAME = AppIcon;
				ASSETCATALOG_COMPILER_LAUNCHIMAGE_NAME = LaunchImage;
				GCC_PRECOMPILE_PREFIX_HEADER = YES;
				GCC_PREFIX_HEADER = "AutoLayoutDemo/AutoLayoutDemo-Prefix.pch";
				INFOPLIST_FILE = "AutoLayoutDemo/AutoLayoutDemo-Info.plist";
				PRODUCT_NAME = "$(TARGET_NAME)";
				WRAPPER_EXTENSION = app;
			};
			name = Debug;
		};
		18C0C84519D85E080061B184 /* Release */ = {
			isa = XCBuildConfiguration;
			buildSettings = {
				ASSETCATALOG_COMPILER_APPICON_NAME = AppIcon;
				ASSETCATALOG_COMPILER_LAUNCHIMAGE_NAME = LaunchImage;
				GCC_PRECOMPILE_PREFIX_HEADER = YES;
				GCC_PREFIX_HEADER = "AutoLayoutDemo/AutoLayoutDemo-Prefix.pch";
				INFOPLIST_FILE = "AutoLayoutDemo/AutoLayoutDemo-Info.plist";
				PRODUCT_NAME = "$(TARGET_NAME)";
				WRAPPER_EXTENSION = app;
			};
			name = Release;
		};
		18C0C84719D85E080061B184 /* Debug */ = {
			isa = XCBuildConfiguration;
			buildSettings = {
				BUNDLE_LOADER = "$(BUILT_PRODUCTS_DIR)/AutoLayoutDemo.app/AutoLayoutDemo";
				FRAMEWORK_SEARCH_PATHS = (
					"$(SDKROOT)/Developer/Library/Frameworks",
					"$(inherited)",
					"$(DEVELOPER_FRAMEWORKS_DIR)",
				);
				GCC_PRECOMPILE_PREFIX_HEADER = YES;
				GCC_PREFIX_HEADER = "AutoLayoutDemo/AutoLayoutDemo-Prefix.pch";
				GCC_PREPROCESSOR_DEFINITIONS = (
					"DEBUG=1",
					"$(inherited)",
				);
				INFOPLIST_FILE = "AutoLayoutDemoTests/AutoLayoutDemoTests-Info.plist";
				PRODUCT_NAME = "$(TARGET_NAME)";
				TEST_HOST = "$(BUNDLE_LOADER)";
				WRAPPER_EXTENSION = xctest;
			};
			name = Debug;
		};
		18C0C84819D85E080061B184 /* Release */ = {
			isa = XCBuildConfiguration;
			buildSettings = {
				BUNDLE_LOADER = "$(BUILT_PRODUCTS_DIR)/AutoLayoutDemo.app/AutoLayoutDemo";
				FRAMEWORK_SEARCH_PATHS = (
					"$(SDKROOT)/Developer/Library/Frameworks",
					"$(inherited)",
					"$(DEVELOPER_FRAMEWORKS_DIR)",
				);
				GCC_PRECOMPILE_PREFIX_HEADER = YES;
				GCC_PREFIX_HEADER = "AutoLayoutDemo/AutoLayoutDemo-Prefix.pch";
				INFOPLIST_FILE = "AutoLayoutDemoTests/AutoLayoutDemoTests-Info.plist";
				PRODUCT_NAME = "$(TARGET_NAME)";
				TEST_HOST = "$(BUNDLE_LOADER)";
				WRAPPER_EXTENSION = xctest;
			};
			name = Release;
		};
/* End XCBuildConfiguration section */

/* Begin XCConfigurationList section */
		18C0C80C19D85E080061B184 /* Build configuration list for PBXProject "AutoLayoutDemo" */ = {
			isa = XCConfigurationList;
			buildConfigurations = (
				18C0C84119D85E080061B184 /* Debug */,
				18C0C84219D85E080061B184 /* Release */,
			);
			defaultConfigurationIsVisible = 0;
			defaultConfigurationName = Release;
		};
		18C0C84319D85E080061B184 /* Build configuration list for PBXNativeTarget "AutoLayoutDemo" */ = {
			isa = XCConfigurationList;
			buildConfigurations = (
				18C0C84419D85E080061B184 /* Debug */,
				18C0C84519D85E080061B184 /* Release */,
			);
			defaultConfigurationIsVisible = 0;
			defaultConfigurationName = Release;
		};
		18C0C84619D85E080061B184 /* Build configuration list for PBXNativeTarget "AutoLayoutDemoTests" */ = {
			isa = XCConfigurationList;
			buildConfigurations = (
				18C0C84719D85E080061B184 /* Debug */,
				18C0C84819D85E080061B184 /* Release */,
			);
			defaultConfigurationIsVisible = 0;
			defaultConfigurationName = Release;
		};
/* End XCConfigurationList section */
	};
	rootObject = 18C0C80919D85E080061B184 /* Project object */;
}
